// !$*UTF8*$!
{
	archiveVersion = 1;
	classes = {
	};
	objectVersion = 46;
	objects = {

/* Begin PBXBuildFile section */
		06B67531192377180092A85B /* Foundation.framework in Frameworks */ = {isa = PBXBuildFile; fileRef = 06B67530192377180092A85B /* Foundation.framework */; };
		06B67533192377180092A85B /* CoreGraphics.framework in Frameworks */ = {isa = PBXBuildFile; fileRef = 06B67532192377180092A85B /* CoreGraphics.framework */; };
		06B67535192377180092A85B /* UIKit.framework in Frameworks */ = {isa = PBXBuildFile; fileRef = 06B67534192377180092A85B /* UIKit.framework */; };
		06B6753B192377180092A85B /* InfoPlist.strings in Resources */ = {isa = PBXBuildFile; fileRef = 06B67539192377180092A85B /* InfoPlist.strings */; };
		06B6753D192377180092A85B /* main.m in Sources */ = {isa = PBXBuildFile; fileRef = 06B6753C192377180092A85B /* main.m */; };
		06B67541192377180092A85B /* AppDelegate.m in Sources */ = {isa = PBXBuildFile; fileRef = 06B67540192377180092A85B /* AppDelegate.m */; };
		06B67544192377180092A85B /* Main_iPhone.storyboard in Resources */ = {isa = PBXBuildFile; fileRef = 06B67542192377180092A85B /* Main_iPhone.storyboard */; };
		06B67547192377180092A85B /* Main_iPad.storyboard in Resources */ = {isa = PBXBuildFile; fileRef = 06B67545192377180092A85B /* Main_iPad.storyboard */; };
		06B6754A192377180092A85B /* ViewController.m in Sources */ = {isa = PBXBuildFile; fileRef = 06B67549192377180092A85B /* ViewController.m */; };
		06B6754C192377180092A85B /* Images.xcassets in Resources */ = {isa = PBXBuildFile; fileRef = 06B6754B192377180092A85B /* Images.xcassets */; };
		06B67553192377180092A85B /* XCTest.framework in Frameworks */ = {isa = PBXBuildFile; fileRef = 06B67552192377180092A85B /* XCTest.framework */; };
		06B67554192377180092A85B /* Foundation.framework in Frameworks */ = {isa = PBXBuildFile; fileRef = 06B67530192377180092A85B /* Foundation.framework */; };
		06B67555192377180092A85B /* UIKit.framework in Frameworks */ = {isa = PBXBuildFile; fileRef = 06B67534192377180092A85B /* UIKit.framework */; };
		06B6755D192377180092A85B /* InfoPlist.strings in Resources */ = {isa = PBXBuildFile; fileRef = 06B6755B192377180092A85B /* InfoPlist.strings */; };
		06B6755F192377180092A85B /* KeychainTests.m in Sources */ = {isa = PBXBuildFile; fileRef = 06B6755E192377180092A85B /* KeychainTests.m */; };
/* End PBXBuildFile section */

/* Begin PBXContainerItemProxy section */
		06B67556192377180092A85B /* PBXContainerItemProxy */ = {
			isa = PBXContainerItemProxy;
			containerPortal = 06B67525192377180092A85B /* Project object */;
			proxyType = 1;
			remoteGlobalIDString = 06B6752C192377180092A85B;
			remoteInfo = Keychain;
		};
/* End PBXContainerItemProxy section */

/* Begin PBXFileReference section */
		06B6752D192377180092A85B /* Keychain.app */ = {isa = PBXFileReference; explicitFileType = wrapper.application; includeInIndex = 0; path = Keychain.app; sourceTree = BUILT_PRODUCTS_DIR; };
		06B67530192377180092A85B /* Foundation.framework */ = {isa = PBXFileReference; lastKnownFileType = wrapper.framework; name = Foundation.framework; path = System/Library/Frameworks/Foundation.framework; sourceTree = SDKROOT; };
		06B67532192377180092A85B /* CoreGraphics.framework */ = {isa = PBXFileReference; lastKnownFileType = wrapper.framework; name = CoreGraphics.framework; path = System/Library/Frameworks/CoreGraphics.framework; sourceTree = SDKROOT; };
		06B67534192377180092A85B /* UIKit.framework */ = {isa = PBXFileReference; lastKnownFileType = wrapper.framework; name = UIKit.framework; path = System/Library/Frameworks/UIKit.framework; sourceTree = SDKROOT; };
		06B67538192377180092A85B /* Keychain-Info.plist */ = {isa = PBXFileReference; lastKnownFileType = text.plist.xml; path = "Keychain-Info.plist"; sourceTree = "<group>"; };
		06B6753A192377180092A85B /* en */ = {isa = PBXFileReference; lastKnownFileType = text.plist.strings; name = en; path = en.lproj/InfoPlist.strings; sourceTree = "<group>"; };
		06B6753C192377180092A85B /* main.m */ = {isa = PBXFileReference; lastKnownFileType = sourcecode.c.objc; path = main.m; sourceTree = "<group>"; };
		06B6753E192377180092A85B /* Keychain-Prefix.pch */ = {isa = PBXFileReference; lastKnownFileType = sourcecode.c.h; path = "Keychain-Prefix.pch"; sourceTree = "<group>"; };
		06B6753F192377180092A85B /* AppDelegate.h */ = {isa = PBXFileReference; lastKnownFileType = sourcecode.c.h; path = AppDelegate.h; sourceTree = "<group>"; };
		06B67540192377180092A85B /* AppDelegate.m */ = {isa = PBXFileReference; lastKnownFileType = sourcecode.c.objc; path = AppDelegate.m; sourceTree = "<group>"; };
		06B67543192377180092A85B /* Base */ = {isa = PBXFileReference; lastKnownFileType = file.storyboard; name = Base; path = Base.lproj/Main_iPhone.storyboard; sourceTree = "<group>"; };
		06B67546192377180092A85B /* Base */ = {isa = PBXFileReference; lastKnownFileType = file.storyboard; name = Base; path = Base.lproj/Main_iPad.storyboard; sourceTree = "<group>"; };
		06B67548192377180092A85B /* ViewController.h */ = {isa = PBXFileReference; lastKnownFileType = sourcecode.c.h; path = ViewController.h; sourceTree = "<group>"; };
		06B67549192377180092A85B /* ViewController.m */ = {isa = PBXFileReference; lastKnownFileType = sourcecode.c.objc; path = ViewController.m; sourceTree = "<group>"; };
		06B6754B192377180092A85B /* Images.xcassets */ = {isa = PBXFileReference; lastKnownFileType = folder.assetcatalog; path = Images.xcassets; sourceTree = "<group>"; };
		06B67551192377180092A85B /* KeychainTests.xctest */ = {isa = PBXFileReference; explicitFileType = wrapper.cfbundle; includeInIndex = 0; path = KeychainTests.xctest; sourceTree = BUILT_PRODUCTS_DIR; };
		06B67552192377180092A85B /* XCTest.framework */ = {isa = PBXFileReference; lastKnownFileType = wrapper.framework; name = XCTest.framework; path = Library/Frameworks/XCTest.framework; sourceTree = DEVELOPER_DIR; };
		06B6755A192377180092A85B /* KeychainTests-Info.plist */ = {isa = PBXFileReference; lastKnownFileType = text.plist.xml; path = "KeychainTests-Info.plist"; sourceTree = "<group>"; };
		06B6755C192377180092A85B /* en */ = {isa = PBXFileReference; lastKnownFileType = text.plist.strings; name = en; path = en.lproj/InfoPlist.strings; sourceTree = "<group>"; };
		06B6755E192377180092A85B /* KeychainTests.m */ = {isa = PBXFileReference; lastKnownFileType = sourcecode.c.objc; path = KeychainTests.m; sourceTree = "<group>"; };
/* End PBXFileReference section */

/* Begin PBXFrameworksBuildPhase section */
		06B6752A192377180092A85B /* Frameworks */ = {
			isa = PBXFrameworksBuildPhase;
			buildActionMask = 2147483647;
			files = (
				06B67533192377180092A85B /* CoreGraphics.framework in Frameworks */,
				06B67535192377180092A85B /* UIKit.framework in Frameworks */,
				06B67531192377180092A85B /* Foundation.framework in Frameworks */,
			);
			runOnlyForDeploymentPostprocessing = 0;
		};
		06B6754E192377180092A85B /* Frameworks */ = {
			isa = PBXFrameworksBuildPhase;
			buildActionMask = 2147483647;
			files = (
				06B67553192377180092A85B /* XCTest.framework in Frameworks */,
				06B67555192377180092A85B /* UIKit.framework in Frameworks */,
				06B67554192377180092A85B /* Foundation.framework in Frameworks */,
			);
			runOnlyForDeploymentPostprocessing = 0;
		};
/* End PBXFrameworksBuildPhase section */

/* Begin PBXGroup section */
		06B67524192377180092A85B = {
			isa = PBXGroup;
			children = (
				06B67536192377180092A85B /* Keychain */,
				06B67558192377180092A85B /* KeychainTests */,
				06B6752F192377180092A85B /* Frameworks */,
				06B6752E192377180092A85B /* Products */,
			);
			sourceTree = "<group>";
		};
		06B6752E192377180092A85B /* Products */ = {
			isa = PBXGroup;
			children = (
				06B6752D192377180092A85B /* Keychain.app */,
				06B67551192377180092A85B /* KeychainTests.xctest */,
			);
			name = Products;
			sourceTree = "<group>";
		};
		06B6752F192377180092A85B /* Frameworks */ = {
			isa = PBXGroup;
			children = (
				06B67530192377180092A85B /* Foundation.framework */,
				06B67532192377180092A85B /* CoreGraphics.framework */,
				06B67534192377180092A85B /* UIKit.framework */,
				06B67552192377180092A85B /* XCTest.framework */,
			);
			name = Frameworks;
			sourceTree = "<group>";
		};
		06B67536192377180092A85B /* Keychain */ = {
			isa = PBXGroup;
			children = (
				06B6753F192377180092A85B /* AppDelegate.h */,
				06B67540192377180092A85B /* AppDelegate.m */,
				06B67542192377180092A85B /* Main_iPhone.storyboard */,
				06B67545192377180092A85B /* Main_iPad.storyboard */,
				06B67548192377180092A85B /* ViewController.h */,
				06B67549192377180092A85B /* ViewController.m */,
				06B6754B192377180092A85B /* Images.xcassets */,
				06B67537192377180092A85B /* Supporting Files */,
			);
			path = Keychain;
			sourceTree = "<group>";
		};
		06B67537192377180092A85B /* Supporting Files */ = {
			isa = PBXGroup;
			children = (
				06B67538192377180092A85B /* Keychain-Info.plist */,
				06B67539192377180092A85B /* InfoPlist.strings */,
				06B6753C192377180092A85B /* main.m */,
				06B6753E192377180092A85B /* Keychain-Prefix.pch */,
			);
			name = "Supporting Files";
			sourceTree = "<group>";
		};
		06B67558192377180092A85B /* KeychainTests */ = {
			isa = PBXGroup;
			children = (
				06B6755E192377180092A85B /* KeychainTests.m */,
				06B67559192377180092A85B /* Supporting Files */,
			);
			path = KeychainTests;
			sourceTree = "<group>";
		};
		06B67559192377180092A85B /* Supporting Files */ = {
			isa = PBXGroup;
			children = (
				06B6755A192377180092A85B /* KeychainTests-Info.plist */,
				06B6755B192377180092A85B /* InfoPlist.strings */,
			);
			name = "Supporting Files";
			sourceTree = "<group>";
		};
/* End PBXGroup section */

/* Begin PBXNativeTarget section */
		06B6752C192377180092A85B /* Keychain */ = {
			isa = PBXNativeTarget;
			buildConfigurationList = 06B67562192377180092A85B /* Build configuration list for PBXNativeTarget "Keychain" */;
			buildPhases = (
				06B67529192377180092A85B /* Sources */,
				06B6752A192377180092A85B /* Frameworks */,
				06B6752B192377180092A85B /* Resources */,
			);
			buildRules = (
			);
			dependencies = (
			);
			name = Keychain;
			productName = Keychain;
			productReference = 06B6752D192377180092A85B /* Keychain.app */;
			productType = "com.apple.product-type.application";
		};
		06B67550192377180092A85B /* KeychainTests */ = {
			isa = PBXNativeTarget;
			buildConfigurationList = 06B67565192377180092A85B /* Build configuration list for PBXNativeTarget "KeychainTests" */;
			buildPhases = (
				06B6754D192377180092A85B /* Sources */,
				06B6754E192377180092A85B /* Frameworks */,
				06B6754F192377180092A85B /* Resources */,
			);
			buildRules = (
			);
			dependencies = (
				06B67557192377180092A85B /* PBXTargetDependency */,
			);
			name = KeychainTests;
			productName = KeychainTests;
			productReference = 06B67551192377180092A85B /* KeychainTests.xctest */;
			productType = "com.apple.product-type.bundle.unit-test";
		};
/* End PBXNativeTarget section */

/* Begin PBXProject section */
		06B67525192377180092A85B /* Project object */ = {
			isa = PBXProject;
			attributes = {
				LastUpgradeCheck = 0510;
				ORGANIZATIONNAME = "Gabriel Massana";
				TargetAttributes = {
					06B67550192377180092A85B = {
						TestTargetID = 06B6752C192377180092A85B;
					};
				};
			};
			buildConfigurationList = 06B67528192377180092A85B /* Build configuration list for PBXProject "Keychain" */;
			compatibilityVersion = "Xcode 3.2";
			developmentRegion = English;
			hasScannedForEncodings = 0;
			knownRegions = (
				en,
				Base,
			);
			mainGroup = 06B67524192377180092A85B;
			productRefGroup = 06B6752E192377180092A85B /* Products */;
			projectDirPath = "";
			projectRoot = "";
			targets = (
				06B6752C192377180092A85B /* Keychain */,
				06B67550192377180092A85B /* KeychainTests */,
			);
		};
/* End PBXProject section */

/* Begin PBXResourcesBuildPhase section */
		06B6752B192377180092A85B /* Resources */ = {
			isa = PBXResourcesBuildPhase;
			buildActionMask = 2147483647;
			files = (
				06B67547192377180092A85B /* Main_iPad.storyboard in Resources */,
				06B6754C192377180092A85B /* Images.xcassets in Resources */,
				06B67544192377180092A85B /* Main_iPhone.storyboard in Resources */,
				06B6753B192377180092A85B /* InfoPlist.strings in Resources */,
			);
			runOnlyForDeploymentPostprocessing = 0;
		};
		06B6754F192377180092A85B /* Resources */ = {
			isa = PBXResourcesBuildPhase;
			buildActionMask = 2147483647;
			files = (
				06B6755D192377180092A85B /* InfoPlist.strings in Resources */,
			);
			runOnlyForDeploymentPostprocessing = 0;
		};
/* End PBXResourcesBuildPhase section */

/* Begin PBXSourcesBuildPhase section */
		06B67529192377180092A85B /* Sources */ = {
			isa = PBXSourcesBuildPhase;
			buildActionMask = 2147483647;
			files = (
				06B6754A192377180092A85B /* ViewController.m in Sources */,
				06B67541192377180092A85B /* AppDelegate.m in Sources */,
				06B6753D192377180092A85B /* main.m in Sources */,
			);
			runOnlyForDeploymentPostprocessing = 0;
		};
		06B6754D192377180092A85B /* Sources */ = {
			isa = PBXSourcesBuildPhase;
			buildActionMask = 2147483647;
			files = (
				06B6755F192377180092A85B /* KeychainTests.m in Sources */,
			);
			runOnlyForDeploymentPostprocessing = 0;
		};
/* End PBXSourcesBuildPhase section */

/* Begin PBXTargetDependency section */
		06B67557192377180092A85B /* PBXTargetDependency */ = {
			isa = PBXTargetDependency;
			target = 06B6752C192377180092A85B /* Keychain */;
			targetProxy = 06B67556192377180092A85B /* PBXContainerItemProxy */;
		};
/* End PBXTargetDependency section */

/* Begin PBXVariantGroup section */
		06B67539192377180092A85B /* InfoPlist.strings */ = {
			isa = PBXVariantGroup;
			children = (
				06B6753A192377180092A85B /* en */,
			);
			name = InfoPlist.strings;
			sourceTree = "<group>";
		};
		06B67542192377180092A85B /* Main_iPhone.storyboard */ = {
			isa = PBXVariantGroup;
			children = (
				06B67543192377180092A85B /* Base */,
			);
			name = Main_iPhone.storyboard;
			sourceTree = "<group>";
		};
		06B67545192377180092A85B /* Main_iPad.storyboard */ = {
			isa = PBXVariantGroup;
			children = (
				06B67546192377180092A85B /* Base */,
			);
			name = Main_iPad.storyboard;
			sourceTree = "<group>";
		};
		06B6755B192377180092A85B /* InfoPlist.strings */ = {
			isa = PBXVariantGroup;
			children = (
				06B6755C192377180092A85B /* en */,
			);
			name = InfoPlist.strings;
			sourceTree = "<group>";
		};
/* End PBXVariantGroup section */

/* Begin XCBuildConfiguration section */
		06B67560192377180092A85B /* Debug */ = {
			isa = XCBuildConfiguration;
			buildSettings = {
				ALWAYS_SEARCH_USER_PATHS = NO;
				CLANG_CXX_LANGUAGE_STANDARD = "gnu++0x";
				CLANG_CXX_LIBRARY = "libc++";
				CLANG_ENABLE_MODULES = YES;
				CLANG_ENABLE_OBJC_ARC = YES;
				CLANG_WARN_BOOL_CONVERSION = YES;
				CLANG_WARN_CONSTANT_CONVERSION = YES;
				CLANG_WARN_DIRECT_OBJC_ISA_USAGE = YES_ERROR;
				CLANG_WARN_EMPTY_BODY = YES;
				CLANG_WARN_ENUM_CONVERSION = YES;
				CLANG_WARN_INT_CONVERSION = YES;
				CLANG_WARN_OBJC_ROOT_CLASS = YES_ERROR;
				CLANG_WARN__DUPLICATE_METHOD_MATCH = YES;
				"CODE_SIGN_IDENTITY[sdk=iphoneos*]" = "iPhone Developer";
				COPY_PHASE_STRIP = NO;
				GCC_C_LANGUAGE_STANDARD = gnu99;
				GCC_DYNAMIC_NO_PIC = NO;
				GCC_OPTIMIZATION_LEVEL = 0;
				GCC_PREPROCESSOR_DEFINITIONS = (
					"DEBUG=1",
					"$(inherited)",
				);
				GCC_SYMBOLS_PRIVATE_EXTERN = NO;
				GCC_WARN_64_TO_32_BIT_CONVERSION = YES;
				GCC_WARN_ABOUT_RETURN_TYPE = YES_ERROR;
				GCC_WARN_UNDECLARED_SELECTOR = YES;
				GCC_WARN_UNINITIALIZED_AUTOS = YES_AGGRESSIVE;
				GCC_WARN_UNUSED_FUNCTION = YES;
				GCC_WARN_UNUSED_VARIABLE = YES;
				IPHONEOS_DEPLOYMENT_TARGET = 7.1;
				ONLY_ACTIVE_ARCH = YES;
				SDKROOT = iphoneos;
				TARGETED_DEVICE_FAMILY = "1,2";
			};
			name = Debug;
		};
		06B67561192377180092A85B /* Release */ = {
			isa = XCBuildConfiguration;
			buildSettings = {
				ALWAYS_SEARCH_USER_PATHS = NO;
				CLANG_CXX_LANGUAGE_STANDARD = "gnu++0x";
				CLANG_CXX_LIBRARY = "libc++";
				CLANG_ENABLE_MODULES = YES;
				CLANG_ENABLE_OBJC_ARC = YES;
				CLANG_WARN_BOOL_CONVERSION = YES;
				CLANG_WARN_CONSTANT_CONVERSION = YES;
				CLANG_WARN_DIRECT_OBJC_ISA_USAGE = YES_ERROR;
				CLANG_WARN_EMPTY_BODY = YES;
				CLANG_WARN_ENUM_CONVERSION = YES;
				CLANG_WARN_INT_CONVERSION = YES;
				CLANG_WARN_OBJC_ROOT_CLASS = YES_ERROR;
				CLANG_WARN__DUPLICATE_METHOD_MATCH = YES;
				"CODE_SIGN_IDENTITY[sdk=iphoneos*]" = "iPhone Developer";
				COPY_PHASE_STRIP = YES;
				ENABLE_NS_ASSERTIONS = NO;
				GCC_C_LANGUAGE_STANDARD = gnu99;
				GCC_WARN_64_TO_32_BIT_CONVERSION = YES;
				GCC_WARN_ABOUT_RETURN_TYPE = YES_ERROR;
				GCC_WARN_UNDECLARED_SELECTOR = YES;
				GCC_WARN_UNINITIALIZED_AUTOS = YES_AGGRESSIVE;
				GCC_WARN_UNUSED_FUNCTION = YES;
				GCC_WARN_UNUSED_VARIABLE = YES;
				IPHONEOS_DEPLOYMENT_TARGET = 7.1;
				SDKROOT = iphoneos;
				TARGETED_DEVICE_FAMILY = "1,2";
				VALIDATE_PRODUCT = YES;
			};
			name = Release;
		};
		06B67563192377180092A85B /* Debug */ = {
			isa = XCBuildConfiguration;
			buildSettings = {
				ASSETCATALOG_COMPILER_APPICON_NAME = AppIcon;
				ASSETCATALOG_COMPILER_LAUNCHIMAGE_NAME = LaunchImage;
				GCC_PRECOMPILE_PREFIX_HEADER = YES;
				GCC_PREFIX_HEADER = "Keychain/Keychain-Prefix.pch";
				INFOPLIST_FILE = "Keychain/Keychain-Info.plist";
				PRODUCT_NAME = "$(TARGET_NAME)";
				WRAPPER_EXTENSION = app;
			};
			name = Debug;
		};
		06B67564192377180092A85B /* Release */ = {
			isa = XCBuildConfiguration;
			buildSettings = {
				ASSETCATALOG_COMPILER_APPICON_NAME = AppIcon;
				ASSETCATALOG_COMPILER_LAUNCHIMAGE_NAME = LaunchImage;
				GCC_PRECOMPILE_PREFIX_HEADER = YES;
				GCC_PREFIX_HEADER = "Keychain/Keychain-Prefix.pch";
				INFOPLIST_FILE = "Keychain/Keychain-Info.plist";
				PRODUCT_NAME = "$(TARGET_NAME)";
				WRAPPER_EXTENSION = app;
			};
			name = Release;
		};
		06B67566192377180092A85B /* Debug */ = {
			isa = XCBuildConfiguration;
			buildSettings = {
				BUNDLE_LOADER = "$(BUILT_PRODUCTS_DIR)/Keychain.app/Keychain";
				FRAMEWORK_SEARCH_PATHS = (
					"$(SDKROOT)/Developer/Library/Frameworks",
					"$(inherited)",
					"$(DEVELOPER_FRAMEWORKS_DIR)",
				);
				GCC_PRECOMPILE_PREFIX_HEADER = YES;
				GCC_PREFIX_HEADER = "Keychain/Keychain-Prefix.pch";
				GCC_PREPROCESSOR_DEFINITIONS = (
					"DEBUG=1",
					"$(inherited)",
				);
				INFOPLIST_FILE = "KeychainTests/KeychainTests-Info.plist";
				PRODUCT_NAME = "$(TARGET_NAME)";
				TEST_HOST = "$(BUNDLE_LOADER)";
				WRAPPER_EXTENSION = xctest;
			};
			name = Debug;
		};
		06B67567192377180092A85B /* Release */ = {
			isa = XCBuildConfiguration;
			buildSettings = {
				BUNDLE_LOADER = "$(BUILT_PRODUCTS_DIR)/Keychain.app/Keychain";
				FRAMEWORK_SEARCH_PATHS = (
					"$(SDKROOT)/Developer/Library/Frameworks",
					"$(inherited)",
					"$(DEVELOPER_FRAMEWORKS_DIR)",
				);
				GCC_PRECOMPILE_PREFIX_HEADER = YES;
				GCC_PREFIX_HEADER = "Keychain/Keychain-Prefix.pch";
				INFOPLIST_FILE = "KeychainTests/KeychainTests-Info.plist";
				PRODUCT_NAME = "$(TARGET_NAME)";
				TEST_HOST = "$(BUNDLE_LOADER)";
				WRAPPER_EXTENSION = xctest;
			};
			name = Release;
		};
/* End XCBuildConfiguration section */

/* Begin XCConfigurationList section */
		06B67528192377180092A85B /* Build configuration list for PBXProject "Keychain" */ = {
			isa = XCConfigurationList;
			buildConfigurations = (
				06B67560192377180092A85B /* Debug */,
				06B67561192377180092A85B /* Release */,
			);
			defaultConfigurationIsVisible = 0;
			defaultConfigurationName = Release;
		};
		06B67562192377180092A85B /* Build configuration list for PBXNativeTarget "Keychain" */ = {
			isa = XCConfigurationList;
			buildConfigurations = (
				06B67563192377180092A85B /* Debug */,
				06B67564192377180092A85B /* Release */,
			);
			defaultConfigurationIsVisible = 0;
		};
		06B67565192377180092A85B /* Build configuration list for PBXNativeTarget "KeychainTests" */ = {
			isa = XCConfigurationList;
			buildConfigurations = (
				06B67566192377180092A85B /* Debug */,
				06B67567192377180092A85B /* Release */,
			);
			defaultConfigurationIsVisible = 0;
		};
/* End XCConfigurationList section */
	};
	rootObject = 06B67525192377180092A85B /* Project object */;
}
